
Microsoft Visual Studio Solution File, Format Version 12.00
# Visual Studio 14
VisualStudioVersion = 14.0.25420.1
MinimumVisualStudioVersion = 10.0.40219.1
Project("{FAE04EC0-301F-11D3-BF4B-00C04F79EFBC}") = "ItineraryAdmin", "ItineraryAdmin\ItineraryAdmin.csproj", "{AD6744AA-F609-41CD-BDF4-4A6A5D1E138E}"
EndProject
Project("{FAE04EC0-301F-11D3-BF4B-00C04F79EFBC}") = "ItineraryCleanser", "ItineraryCleanser\ItineraryCleanser.csproj", "{A2A32006-9540-43A3-8E90-C0E7DE4A825B}"
EndProject
Project("{FAE04EC0-301F-11D3-BF4B-00C04F79EFBC}") = "HackathonFramework", "HackathonFramework\HackathonFramework.csproj", "{791596B2-4E8B-4164-BD81-8964AF89FA9A}"
EndProject
Project("{FAE04EC0-301F-11D3-BF4B-00C04F79EFBC}") = "HackathonAPI", "HackathonAPI\HackathonAPI.csproj", "{C925D8E3-49EA-4C22-BC04-1E85E4DE2D19}"
EndProject
Global
	GlobalSection(SolutionConfigurationPlatforms) = preSolution
		Debug|Any CPU = Debug|Any CPU
		Release|Any CPU = Release|Any CPU
	EndGlobalSection
	GlobalSection(ProjectConfigurationPlatforms) = postSolution
		{AD6744AA-F609-41CD-BDF4-4A6A5D1E138E}.Debug|Any CPU.ActiveCfg = Debug|Any CPU
		{AD6744AA-F609-41CD-BDF4-4A6A5D1E138E}.Debug|Any CPU.Build.0 = Debug|Any CPU
		{AD6744AA-F609-41CD-BDF4-4A6A5D1E138E}.Release|Any CPU.ActiveCfg = Release|Any CPU
		{AD6744AA-F609-41CD-BDF4-4A6A5D1E138E}.Release|Any CPU.Build.0 = Release|Any CPU
		{A2A32006-9540-43A3-8E90-C0E7DE4A825B}.Debug|Any CPU.ActiveCfg = Debug|Any CPU
		{A2A32006-9540-43A3-8E90-C0E7DE4A825B}.Debug|Any CPU.Build.0 = Debug|Any CPU
		{A2A32006-9540-43A3-8E90-C0E7DE4A825B}.Release|Any CPU.ActiveCfg = Release|Any CPU
		{A2A32006-9540-43A3-8E90-C0E7DE4A825B}.Release|Any CPU.Build.0 = Release|Any CPU
		{791596B2-4E8B-4164-BD81-8964AF89FA9A}.Debug|Any CPU.ActiveCfg = Debug|Any CPU
		{791596B2-4E8B-4164-BD81-8964AF89FA9A}.Debug|Any CPU.Build.0 = Debug|Any CPU
		{791596B2-4E8B-4164-BD81-8964AF89FA9A}.Release|Any CPU.ActiveCfg = Release|Any CPU
		{791596B2-4E8B-4164-BD81-8964AF89FA9A}.Release|Any CPU.Build.0 = Release|Any CPU
		{C925D8E3-49EA-4C22-BC04-1E85E4DE2D19}.Debug|Any CPU.ActiveCfg = Debug|Any CPU
		{C925D8E3-49EA-4C22-BC04-1E85E4DE2D19}.Debug|Any CPU.Build.0 = Debug|Any CPU
		{C925D8E3-49EA-4C22-BC04-1E85E4DE2D19}.Release|Any CPU.ActiveCfg = Release|Any CPU
		{C925D8E3-49EA-4C22-BC04-1E85E4DE2D19}.Release|Any CPU.Build.0 = Release|Any CPU
	EndGlobalSection
	GlobalSection(SolutionProperties) = preSolution
		HideSolutionNode = FALSE
	EndGlobalSection
EndGlobal
